
Microsoft Visual Studio Solution File, Format Version 12.00
# Visual Studio 15
VisualStudioVersion = 15.0.28307.1022
MinimumVisualStudioVersion = 10.0.40219.1
Project("{F184B08F-C81C-45F6-A57F-5ABD9991F28F}") = "AutoNumberWtihCharacter", "AutoNumberWtihCharacter\AutoNumberWtihCharacter.vbproj", "{52AF75C8-7A9E-44C1-84FD-3C74739A561F}"
EndProject
Global
	GlobalSection(SolutionConfigurationPlatforms) = preSolution
		Debug|Any CPU = Debug|Any CPU
		Release|Any CPU = Release|Any CPU
	EndGlobalSection
	GlobalSection(ProjectConfigurationPlatforms) = postSolution
		{52AF75C8-7A9E-44C1-84FD-3C74739A561F}.Debug|Any CPU.ActiveCfg = Debug|Any CPU
		{52AF75C8-7A9E-44C1-84FD-3C74739A561F}.Debug|Any CPU.Build.0 = Debug|Any CPU
		{52AF75C8-7A9E-44C1-84FD-3C74739A561F}.Release|Any CPU.ActiveCfg = Release|Any CPU
		{52AF75C8-7A9E-44C1-84FD-3C74739A561F}.Release|Any CPU.Build.0 = Release|Any CPU
	EndGlobalSection
	GlobalSection(SolutionProperties) = preSolution
		HideSolutionNode = FALSE
	EndGlobalSection
	GlobalSection(ExtensibilityGlobals) = postSolution
		SolutionGuid = {69975ADE-9694-4F64-9C54-66723789AE62}
	EndGlobalSection
EndGlobal
